// !$*UTF8*$!
{
	archiveVersion = 1;
	classes = {
	};
	objectVersion = 46;
	objects = {

/* Begin PBXBuildFile section */
		690B697916555A89000A1A51 /* facebook-mpk-location.gpx in Resources */ = {isa = PBXBuildFile; fileRef = 690B697816555A89000A1A51 /* facebook-mpk-location.gpx */; };
		69D2A28B1652EFC200EB59BF /* UIKit.framework in Frameworks */ = {isa = PBXBuildFile; fileRef = 69D2A28A1652EFC200EB59BF /* UIKit.framework */; };
		69D2A28D1652EFC200EB59BF /* Foundation.framework in Frameworks */ = {isa = PBXBuildFile; fileRef = 69D2A28C1652EFC200EB59BF /* Foundation.framework */; };
		69D2A28F1652EFC200EB59BF /* CoreGraphics.framework in Frameworks */ = {isa = PBXBuildFile; fileRef = 69D2A28E1652EFC200EB59BF /* CoreGraphics.framework */; };
		69D2A2951652EFC200EB59BF /* InfoPlist.strings in Resources */ = {isa = PBXBuildFile; fileRef = 69D2A2931652EFC200EB59BF /* InfoPlist.strings */; };
		69D2A2971652EFC200EB59BF /* main.m in Sources */ = {isa = PBXBuildFile; fileRef = 69D2A2961652EFC200EB59BF /* main.m */; };
		69D2A29B1652EFC200EB59BF /* MDDAppDelegate.m in Sources */ = {isa = PBXBuildFile; fileRef = 69D2A29A1652EFC200EB59BF /* MDDAppDelegate.m */; };
		69D2A29D1652EFC200EB59BF /* Default.png in Resources */ = {isa = PBXBuildFile; fileRef = 69D2A29C1652EFC200EB59BF /* Default.png */; };
		69D2A29F1652EFC200EB59BF /* Default@2x.png in Resources */ = {isa = PBXBuildFile; fileRef = 69D2A29E1652EFC200EB59BF /* Default@2x.png */; };
		69D2A2A11652EFC200EB59BF /* Default-568h@2x.png in Resources */ = {isa = PBXBuildFile; fileRef = 69D2A2A01652EFC200EB59BF /* Default-568h@2x.png */; };
		69D2A2A41652EFC200EB59BF /* MainStoryboard_iPhone.storyboard in Resources */ = {isa = PBXBuildFile; fileRef = 69D2A2A21652EFC200EB59BF /* MainStoryboard_iPhone.storyboard */; };
		69D2A2A71652EFC200EB59BF /* MainStoryboard_iPad.storyboard in Resources */ = {isa = PBXBuildFile; fileRef = 69D2A2A51652EFC200EB59BF /* MainStoryboard_iPad.storyboard */; };
		69D2A2AA1652EFC200EB59BF /* MDDViewController.m in Sources */ = {isa = PBXBuildFile; fileRef = 69D2A2A91652EFC200EB59BF /* MDDViewController.m */; };
		69D2A2B21652EFC200EB59BF /* SenTestingKit.framework in Frameworks */ = {isa = PBXBuildFile; fileRef = 69D2A2B11652EFC200EB59BF /* SenTestingKit.framework */; };
		69D2A2B31652EFC200EB59BF /* UIKit.framework in Frameworks */ = {isa = PBXBuildFile; fileRef = 69D2A28A1652EFC200EB59BF /* UIKit.framework */; };
		69D2A2B41652EFC200EB59BF /* Foundation.framework in Frameworks */ = {isa = PBXBuildFile; fileRef = 69D2A28C1652EFC200EB59BF /* Foundation.framework */; };
		69D2A2BC1652EFC200EB59BF /* InfoPlist.strings in Resources */ = {isa = PBXBuildFile; fileRef = 69D2A2BA1652EFC200EB59BF /* InfoPlist.strings */; };
		69D2A2BF1652EFC200EB59BF /* MDDBasicSessionAppTests.m in Sources */ = {isa = PBXBuildFile; fileRef = 69D2A2BE1652EFC200EB59BF /* MDDBasicSessionAppTests.m */; };
		69D2A2C91652EFE900EB59BF /* Accounts.framework in Frameworks */ = {isa = PBXBuildFile; fileRef = 69D2A2C81652EFE900EB59BF /* Accounts.framework */; };
		69D2A2CB1652EFEE00EB59BF /* Social.framework in Frameworks */ = {isa = PBXBuildFile; fileRef = 69D2A2CA1652EFEE00EB59BF /* Social.framework */; };
		69D2A2CD1652EFF200EB59BF /* AdSupport.framework in Frameworks */ = {isa = PBXBuildFile; fileRef = 69D2A2CC1652EFF200EB59BF /* AdSupport.framework */; };
		69D2A2CF1652EFF700EB59BF /* libsqlite3.dylib in Frameworks */ = {isa = PBXBuildFile; fileRef = 69D2A2CE1652EFF700EB59BF /* libsqlite3.dylib */; };
		69D2A2D11652EFFC00EB59BF /* CoreLocation.framework in Frameworks */ = {isa = PBXBuildFile; fileRef = 69D2A2D01652EFFC00EB59BF /* CoreLocation.framework */; };
/* End PBXBuildFile section */

/* Begin PBXContainerItemProxy section */
		69D2A2B51652EFC200EB59BF /* PBXContainerItemProxy */ = {
			isa = PBXContainerItemProxy;
			containerPortal = 69D2A27D1652EFC200EB59BF /* Project object */;
			proxyType = 1;
			remoteGlobalIDString = 69D2A2851652EFC200EB59BF;
			remoteInfo = MDDBasicSessionApp;
		};
/* End PBXContainerItemProxy section */

/* Begin PBXFileReference section */
		690B697216555A31000A1A51 /* FacebookSDKResources.bundle */ = {isa = PBXFileReference; lastKnownFileType = "wrapper.plug-in"; name = FacebookSDKResources.bundle; path = "../../../Documents/FacebookSDK-3.1.1/FacebookSDK.framework/Versions/A/Resources/FacebookSDKResources.bundle"; sourceTree = "<group>"; };
		690B697316555A31000A1A51 /* FBUserSettingsViewResources.bundle */ = {isa = PBXFileReference; lastKnownFileType = "wrapper.plug-in"; name = FBUserSettingsViewResources.bundle; path = "../../../Documents/FacebookSDK-3.1.1/FacebookSDK.framework/Versions/A/Resources/FBUserSettingsViewResources.bundle"; sourceTree = "<group>"; };
		690B697616555A35000A1A51 /* FacebookSDK.framework */ = {isa = PBXFileReference; lastKnownFileType = wrapper.framework; name = FacebookSDK.framework; path = "../../../Documents/FacebookSDK-3.1.1/FacebookSDK.framework"; sourceTree = "<group>"; };
		690B697816555A89000A1A51 /* facebook-mpk-location.gpx */ = {isa = PBXFileReference; fileEncoding = 4; lastKnownFileType = text.xml; name = "facebook-mpk-location.gpx"; path = "../../facebook-mpk-location.gpx"; sourceTree = "<group>"; };
		69D2A2861652EFC200EB59BF /* MDDBasicSessionApp.app */ = {isa = PBXFileReference; explicitFileType = wrapper.application; includeInIndex = 0; path = MDDBasicSessionApp.app; sourceTree = BUILT_PRODUCTS_DIR; };
		69D2A28A1652EFC200EB59BF /* UIKit.framework */ = {isa = PBXFileReference; lastKnownFileType = wrapper.framework; name = UIKit.framework; path = System/Library/Frameworks/UIKit.framework; sourceTree = SDKROOT; };
		69D2A28C1652EFC200EB59BF /* Foundation.framework */ = {isa = PBXFileReference; lastKnownFileType = wrapper.framework; name = Foundation.framework; path = System/Library/Frameworks/Foundation.framework; sourceTree = SDKROOT; };
		69D2A28E1652EFC200EB59BF /* CoreGraphics.framework */ = {isa = PBXFileReference; lastKnownFileType = wrapper.framework; name = CoreGraphics.framework; path = System/Library/Frameworks/CoreGraphics.framework; sourceTree = SDKROOT; };
		69D2A2921652EFC200EB59BF /* MDDBasicSessionApp-Info.plist */ = {isa = PBXFileReference; lastKnownFileType = text.plist.xml; path = "MDDBasicSessionApp-Info.plist"; sourceTree = "<group>"; };
		69D2A2941652EFC200EB59BF /* en */ = {isa = PBXFileReference; lastKnownFileType = text.plist.strings; name = en; path = en.lproj/InfoPlist.strings; sourceTree = "<group>"; };
		69D2A2961652EFC200EB59BF /* main.m */ = {isa = PBXFileReference; lastKnownFileType = sourcecode.c.objc; path = main.m; sourceTree = "<group>"; };
		69D2A2981652EFC200EB59BF /* MDDBasicSessionApp-Prefix.pch */ = {isa = PBXFileReference; lastKnownFileType = sourcecode.c.h; path = "MDDBasicSessionApp-Prefix.pch"; sourceTree = "<group>"; };
		69D2A2991652EFC200EB59BF /* MDDAppDelegate.h */ = {isa = PBXFileReference; lastKnownFileType = sourcecode.c.h; path = MDDAppDelegate.h; sourceTree = "<group>"; };
		69D2A29A1652EFC200EB59BF /* MDDAppDelegate.m */ = {isa = PBXFileReference; lastKnownFileType = sourcecode.c.objc; path = MDDAppDelegate.m; sourceTree = "<group>"; };
		69D2A29C1652EFC200EB59BF /* Default.png */ = {isa = PBXFileReference; lastKnownFileType = image.png; path = Default.png; sourceTree = "<group>"; };
		69D2A29E1652EFC200EB59BF /* Default@2x.png */ = {isa = PBXFileReference; lastKnownFileType = image.png; path = "Default@2x.png"; sourceTree = "<group>"; };
		69D2A2A01652EFC200EB59BF /* Default-568h@2x.png */ = {isa = PBXFileReference; lastKnownFileType = image.png; path = "Default-568h@2x.png"; sourceTree = "<group>"; };
		69D2A2A31652EFC200EB59BF /* en */ = {isa = PBXFileReference; lastKnownFileType = file.storyboard; name = en; path = en.lproj/MainStoryboard_iPhone.storyboard; sourceTree = "<group>"; };
		69D2A2A61652EFC200EB59BF /* en */ = {isa = PBXFileReference; lastKnownFileType = file.storyboard; name = en; path = en.lproj/MainStoryboard_iPad.storyboard; sourceTree = "<group>"; };
		69D2A2A81652EFC200EB59BF /* MDDViewController.h */ = {isa = PBXFileReference; lastKnownFileType = sourcecode.c.h; path = MDDViewController.h; sourceTree = "<group>"; };
		69D2A2A91652EFC200EB59BF /* MDDViewController.m */ = {isa = PBXFileReference; lastKnownFileType = sourcecode.c.objc; path = MDDViewController.m; sourceTree = "<group>"; };
		69D2A2B01652EFC200EB59BF /* MDDBasicSessionAppTests.octest */ = {isa = PBXFileReference; explicitFileType = wrapper.cfbundle; includeInIndex = 0; path = MDDBasicSessionAppTests.octest; sourceTree = BUILT_PRODUCTS_DIR; };
		69D2A2B11652EFC200EB59BF /* SenTestingKit.framework */ = {isa = PBXFileReference; lastKnownFileType = wrapper.framework; name = SenTestingKit.framework; path = Library/Frameworks/SenTestingKit.framework; sourceTree = DEVELOPER_DIR; };
		69D2A2B91652EFC200EB59BF /* MDDBasicSessionAppTests-Info.plist */ = {isa = PBXFileReference; lastKnownFileType = text.plist.xml; path = "MDDBasicSessionAppTests-Info.plist"; sourceTree = "<group>"; };
		69D2A2BB1652EFC200EB59BF /* en */ = {isa = PBXFileReference; lastKnownFileType = text.plist.strings; name = en; path = en.lproj/InfoPlist.strings; sourceTree = "<group>"; };
		69D2A2BD1652EFC200EB59BF /* MDDBasicSessionAppTests.h */ = {isa = PBXFileReference; lastKnownFileType = sourcecode.c.h; path = MDDBasicSessionAppTests.h; sourceTree = "<group>"; };
		69D2A2BE1652EFC200EB59BF /* MDDBasicSessionAppTests.m */ = {isa = PBXFileReference; lastKnownFileType = sourcecode.c.objc; path = MDDBasicSessionAppTests.m; sourceTree = "<group>"; };
		69D2A2C81652EFE900EB59BF /* Accounts.framework */ = {isa = PBXFileReference; lastKnownFileType = wrapper.framework; name = Accounts.framework; path = System/Library/Frameworks/Accounts.framework; sourceTree = SDKROOT; };
		69D2A2CA1652EFEE00EB59BF /* Social.framework */ = {isa = PBXFileReference; lastKnownFileType = wrapper.framework; name = Social.framework; path = System/Library/Frameworks/Social.framework; sourceTree = SDKROOT; };
		69D2A2CC1652EFF200EB59BF /* AdSupport.framework */ = {isa = PBXFileReference; lastKnownFileType = wrapper.framework; name = AdSupport.framework; path = System/Library/Frameworks/AdSupport.framework; sourceTree = SDKROOT; };
		69D2A2CE1652EFF700EB59BF /* libsqlite3.dylib */ = {isa = PBXFileReference; lastKnownFileType = "compiled.mach-o.dylib"; name = libsqlite3.dylib; path = usr/lib/libsqlite3.dylib; sourceTree = SDKROOT; };
		69D2A2D01652EFFC00EB59BF /* CoreLocation.framework */ = {isa = PBXFileReference; lastKnownFileType = wrapper.framework; name = CoreLocation.framework; path = System/Library/Frameworks/CoreLocation.framework; sourceTree = SDKROOT; };
/* End PBXFileReference section */

/* Begin PBXFrameworksBuildPhase section */
		69D2A2831652EFC200EB59BF /* Frameworks */ = {
			isa = PBXFrameworksBuildPhase;
			buildActionMask = 2147483647;
			files = (
				69D2A2D11652EFFC00EB59BF /* CoreLocation.framework in Frameworks */,
				69D2A2CF1652EFF700EB59BF /* libsqlite3.dylib in Frameworks */,
				69D2A2CD1652EFF200EB59BF /* AdSupport.framework in Frameworks */,
				69D2A2CB1652EFEE00EB59BF /* Social.framework in Frameworks */,
				69D2A2C91652EFE900EB59BF /* Accounts.framework in Frameworks */,
				69D2A28B1652EFC200EB59BF /* UIKit.framework in Frameworks */,
				69D2A28D1652EFC200EB59BF /* Foundation.framework in Frameworks */,
				69D2A28F1652EFC200EB59BF /* CoreGraphics.framework in Frameworks */,
			);
			runOnlyForDeploymentPostprocessing = 0;
		};
		69D2A2AC1652EFC200EB59BF /* Frameworks */ = {
			isa = PBXFrameworksBuildPhase;
			buildActionMask = 2147483647;
			files = (
				69D2A2B21652EFC200EB59BF /* SenTestingKit.framework in Frameworks */,
				69D2A2B31652EFC200EB59BF /* UIKit.framework in Frameworks */,
				69D2A2B41652EFC200EB59BF /* Foundation.framework in Frameworks */,
			);
			runOnlyForDeploymentPostprocessing = 0;
		};
/* End PBXFrameworksBuildPhase section */

/* Begin PBXGroup section */
		69D2A27B1652EFC200EB59BF = {
			isa = PBXGroup;
			children = (
				69D2A2901652EFC200EB59BF /* MDDBasicSessionApp */,
				69D2A2B71652EFC200EB59BF /* MDDBasicSessionAppTests */,
				69D2A2891652EFC200EB59BF /* Frameworks */,
				69D2A2871652EFC200EB59BF /* Products */,
			);
			sourceTree = "<group>";
		};
		69D2A2871652EFC200EB59BF /* Products */ = {
			isa = PBXGroup;
			children = (
				69D2A2861652EFC200EB59BF /* MDDBasicSessionApp.app */,
				69D2A2B01652EFC200EB59BF /* MDDBasicSessionAppTests.octest */,
			);
			name = Products;
			sourceTree = "<group>";
		};
		69D2A2891652EFC200EB59BF /* Frameworks */ = {
			isa = PBXGroup;
			children = (
				690B697616555A35000A1A51 /* FacebookSDK.framework */,
				690B697216555A31000A1A51 /* FacebookSDKResources.bundle */,
				690B697316555A31000A1A51 /* FBUserSettingsViewResources.bundle */,
				69D2A2D01652EFFC00EB59BF /* CoreLocation.framework */,
				69D2A2CE1652EFF700EB59BF /* libsqlite3.dylib */,
				69D2A2CC1652EFF200EB59BF /* AdSupport.framework */,
				69D2A2CA1652EFEE00EB59BF /* Social.framework */,
				69D2A2C81652EFE900EB59BF /* Accounts.framework */,
				69D2A28A1652EFC200EB59BF /* UIKit.framework */,
				69D2A28C1652EFC200EB59BF /* Foundation.framework */,
				69D2A28E1652EFC200EB59BF /* CoreGraphics.framework */,
				69D2A2B11652EFC200EB59BF /* SenTestingKit.framework */,
			);
			name = Frameworks;
			sourceTree = "<group>";
		};
		69D2A2901652EFC200EB59BF /* MDDBasicSessionApp */ = {
			isa = PBXGroup;
			children = (
				69D2A2991652EFC200EB59BF /* MDDAppDelegate.h */,
				69D2A29A1652EFC200EB59BF /* MDDAppDelegate.m */,
				69D2A2A21652EFC200EB59BF /* MainStoryboard_iPhone.storyboard */,
				69D2A2A51652EFC200EB59BF /* MainStoryboard_iPad.storyboard */,
				69D2A2A81652EFC200EB59BF /* MDDViewController.h */,
				69D2A2A91652EFC200EB59BF /* MDDViewController.m */,
				69D2A2911652EFC200EB59BF /* Supporting Files */,
			);
			path = MDDBasicSessionApp;
			sourceTree = "<group>";
		};
		69D2A2911652EFC200EB59BF /* Supporting Files */ = {
			isa = PBXGroup;
			children = (
				690B697816555A89000A1A51 /* facebook-mpk-location.gpx */,
				69D2A2921652EFC200EB59BF /* MDDBasicSessionApp-Info.plist */,
				69D2A2931652EFC200EB59BF /* InfoPlist.strings */,
				69D2A2961652EFC200EB59BF /* main.m */,
				69D2A2981652EFC200EB59BF /* MDDBasicSessionApp-Prefix.pch */,
				69D2A29C1652EFC200EB59BF /* Default.png */,
				69D2A29E1652EFC200EB59BF /* Default@2x.png */,
				69D2A2A01652EFC200EB59BF /* Default-568h@2x.png */,
			);
			name = "Supporting Files";
			sourceTree = "<group>";
		};
		69D2A2B71652EFC200EB59BF /* MDDBasicSessionAppTests */ = {
			isa = PBXGroup;
			children = (
				69D2A2BD1652EFC200EB59BF /* MDDBasicSessionAppTests.h */,
				69D2A2BE1652EFC200EB59BF /* MDDBasicSessionAppTests.m */,
				69D2A2B81652EFC200EB59BF /* Supporting Files */,
			);
			path = MDDBasicSessionAppTests;
			sourceTree = "<group>";
		};
		69D2A2B81652EFC200EB59BF /* Supporting Files */ = {
			isa = PBXGroup;
			children = (
				69D2A2B91652EFC200EB59BF /* MDDBasicSessionAppTests-Info.plist */,
				69D2A2BA1652EFC200EB59BF /* InfoPlist.strings */,
			);
			name = "Supporting Files";
			sourceTree = "<group>";
		};
/* End PBXGroup section */

/* Begin PBXNativeTarget section */
		69D2A2851652EFC200EB59BF /* MDDBasicSessionApp */ = {
			isa = PBXNativeTarget;
			buildConfigurationList = 69D2A2C21652EFC200EB59BF /* Build configuration list for PBXNativeTarget "MDDBasicSessionApp" */;
			buildPhases = (
				69D2A2821652EFC200EB59BF /* Sources */,
				69D2A2831652EFC200EB59BF /* Frameworks */,
				69D2A2841652EFC200EB59BF /* Resources */,
			);
			buildRules = (
			);
			dependencies = (
			);
			name = MDDBasicSessionApp;
			productName = MDDBasicSessionApp;
			productReference = 69D2A2861652EFC200EB59BF /* MDDBasicSessionApp.app */;
			productType = "com.apple.product-type.application";
		};
		69D2A2AF1652EFC200EB59BF /* MDDBasicSessionAppTests */ = {
			isa = PBXNativeTarget;
			buildConfigurationList = 69D2A2C51652EFC200EB59BF /* Build configuration list for PBXNativeTarget "MDDBasicSessionAppTests" */;
			buildPhases = (
				69D2A2AB1652EFC200EB59BF /* Sources */,
				69D2A2AC1652EFC200EB59BF /* Frameworks */,
				69D2A2AD1652EFC200EB59BF /* Resources */,
				69D2A2AE1652EFC200EB59BF /* ShellScript */,
			);
			buildRules = (
			);
			dependencies = (
				69D2A2B61652EFC200EB59BF /* PBXTargetDependency */,
			);
			name = MDDBasicSessionAppTests;
			productName = MDDBasicSessionAppTests;
			productReference = 69D2A2B01652EFC200EB59BF /* MDDBasicSessionAppTests.octest */;
			productType = "com.apple.product-type.bundle";
		};
/* End PBXNativeTarget section */

/* Begin PBXProject section */
		69D2A27D1652EFC200EB59BF /* Project object */ = {
			isa = PBXProject;
			attributes = {
				CLASSPREFIX = MDD;
				LastUpgradeCheck = 0450;
				ORGANIZATIONNAME = "Eddie O'Neil";
			};
			buildConfigurationList = 69D2A2801652EFC200EB59BF /* Build configuration list for PBXProject "MDDBasicSessionApp" */;
			compatibilityVersion = "Xcode 3.2";
			developmentRegion = English;
			hasScannedForEncodings = 0;
			knownRegions = (
				en,
			);
			mainGroup = 69D2A27B1652EFC200EB59BF;
			productRefGroup = 69D2A2871652EFC200EB59BF /* Products */;
			projectDirPath = "";
			projectRoot = "";
			targets = (
				69D2A2851652EFC200EB59BF /* MDDBasicSessionApp */,
				69D2A2AF1652EFC200EB59BF /* MDDBasicSessionAppTests */,
			);
		};
/* End PBXProject section */

/* Begin PBXResourcesBuildPhase section */
		69D2A2841652EFC200EB59BF /* Resources */ = {
			isa = PBXResourcesBuildPhase;
			buildActionMask = 2147483647;
			files = (
				69D2A2951652EFC200EB59BF /* InfoPlist.strings in Resources */,
				69D2A29D1652EFC200EB59BF /* Default.png in Resources */,
				69D2A29F1652EFC200EB59BF /* Default@2x.png in Resources */,
				69D2A2A11652EFC200EB59BF /* Default-568h@2x.png in Resources */,
				69D2A2A41652EFC200EB59BF /* MainStoryboard_iPhone.storyboard in Resources */,
				69D2A2A71652EFC200EB59BF /* MainStoryboard_iPad.storyboard in Resources */,
				690B697916555A89000A1A51 /* facebook-mpk-location.gpx in Resources */,
			);
			runOnlyForDeploymentPostprocessing = 0;
		};
		69D2A2AD1652EFC200EB59BF /* Resources */ = {
			isa = PBXResourcesBuildPhase;
			buildActionMask = 2147483647;
			files = (
				69D2A2BC1652EFC200EB59BF /* InfoPlist.strings in Resources */,
			);
			runOnlyForDeploymentPostprocessing = 0;
		};
/* End PBXResourcesBuildPhase section */

/* Begin PBXShellScriptBuildPhase section */
		69D2A2AE1652EFC200EB59BF /* ShellScript */ = {
			isa = PBXShellScriptBuildPhase;
			buildActionMask = 2147483647;
			files = (
			);
			inputPaths = (
			);
			outputPaths = (
			);
			runOnlyForDeploymentPostprocessing = 0;
			shellPath = /bin/sh;
			shellScript = "# Run the unit tests in this test bundle.\n\"${SYSTEM_DEVELOPER_DIR}/Tools/RunUnitTests\"\n";
		};
/* End PBXShellScriptBuildPhase section */

/* Begin PBXSourcesBuildPhase section */
		69D2A2821652EFC200EB59BF /* Sources */ = {
			isa = PBXSourcesBuildPhase;
			buildActionMask = 2147483647;
			files = (
				69D2A2971652EFC200EB59BF /* main.m in Sources */,
				69D2A29B1652EFC200EB59BF /* MDDAppDelegate.m in Sources */,
				69D2A2AA1652EFC200EB59BF /* MDDViewController.m in Sources */,
			);
			runOnlyForDeploymentPostprocessing = 0;
		};
		69D2A2AB1652EFC200EB59BF /* Sources */ = {
			isa = PBXSourcesBuildPhase;
			buildActionMask = 2147483647;
			files = (
				69D2A2BF1652EFC200EB59BF /* MDDBasicSessionAppTests.m in Sources */,
			);
			runOnlyForDeploymentPostprocessing = 0;
		};
/* End PBXSourcesBuildPhase section */

/* Begin PBXTargetDependency section */
		69D2A2B61652EFC200EB59BF /* PBXTargetDependency */ = {
			isa = PBXTargetDependency;
			target = 69D2A2851652EFC200EB59BF /* MDDBasicSessionApp */;
			targetProxy = 69D2A2B51652EFC200EB59BF /* PBXContainerItemProxy */;
		};
/* End PBXTargetDependency section */

/* Begin PBXVariantGroup section */
		69D2A2931652EFC200EB59BF /* InfoPlist.strings */ = {
			isa = PBXVariantGroup;
			children = (
				69D2A2941652EFC200EB59BF /* en */,
			);
			name = InfoPlist.strings;
			sourceTree = "<group>";
		};
		69D2A2A21652EFC200EB59BF /* MainStoryboard_iPhone.storyboard */ = {
			isa = PBXVariantGroup;
			children = (
				69D2A2A31652EFC200EB59BF /* en */,
			);
			name = MainStoryboard_iPhone.storyboard;
			sourceTree = "<group>";
		};
		69D2A2A51652EFC200EB59BF /* MainStoryboard_iPad.storyboard */ = {
			isa = PBXVariantGroup;
			children = (
				69D2A2A61652EFC200EB59BF /* en */,
			);
			name = MainStoryboard_iPad.storyboard;
			sourceTree = "<group>";
		};
		69D2A2BA1652EFC200EB59BF /* InfoPlist.strings */ = {
			isa = PBXVariantGroup;
			children = (
				69D2A2BB1652EFC200EB59BF /* en */,
			);
			name = InfoPlist.strings;
			sourceTree = "<group>";
		};
/* End PBXVariantGroup section */

/* Begin XCBuildConfiguration section */
		69D2A2C01652EFC200EB59BF /* Debug */ = {
			isa = XCBuildConfiguration;
			buildSettings = {
				ALWAYS_SEARCH_USER_PATHS = NO;
				CLANG_CXX_LANGUAGE_STANDARD = "gnu++0x";
				CLANG_CXX_LIBRARY = "libc++";
				CLANG_ENABLE_OBJC_ARC = YES;
				CLANG_WARN_EMPTY_BODY = YES;
				CLANG_WARN__DUPLICATE_METHOD_MATCH = YES;
				"CODE_SIGN_IDENTITY[sdk=iphoneos*]" = "iPhone Developer";
				COPY_PHASE_STRIP = NO;
				GCC_C_LANGUAGE_STANDARD = gnu99;
				GCC_DYNAMIC_NO_PIC = NO;
				GCC_OPTIMIZATION_LEVEL = 0;
				GCC_PREPROCESSOR_DEFINITIONS = (
					"DEBUG=1",
					"$(inherited)",
				);
				GCC_SYMBOLS_PRIVATE_EXTERN = NO;
				GCC_WARN_ABOUT_RETURN_TYPE = YES;
				GCC_WARN_UNINITIALIZED_AUTOS = YES;
				GCC_WARN_UNUSED_VARIABLE = YES;
				IPHONEOS_DEPLOYMENT_TARGET = 6.0;
				SDKROOT = iphoneos;
				TARGETED_DEVICE_FAMILY = "1,2";
			};
			name = Debug;
		};
		69D2A2C11652EFC200EB59BF /* Release */ = {
			isa = XCBuildConfiguration;
			buildSettings = {
				ALWAYS_SEARCH_USER_PATHS = NO;
				CLANG_CXX_LANGUAGE_STANDARD = "gnu++0x";
				CLANG_CXX_LIBRARY = "libc++";
				CLANG_ENABLE_OBJC_ARC = YES;
				CLANG_WARN_EMPTY_BODY = YES;
				CLANG_WARN__DUPLICATE_METHOD_MATCH = YES;
				"CODE_SIGN_IDENTITY[sdk=iphoneos*]" = "iPhone Developer";
				COPY_PHASE_STRIP = YES;
				GCC_C_LANGUAGE_STANDARD = gnu99;
				GCC_WARN_ABOUT_RETURN_TYPE = YES;
				GCC_WARN_UNINITIALIZED_AUTOS = YES;
				GCC_WARN_UNUSED_VARIABLE = YES;
				IPHONEOS_DEPLOYMENT_TARGET = 6.0;
				OTHER_CFLAGS = "-DNS_BLOCK_ASSERTIONS=1";
				SDKROOT = iphoneos;
				TARGETED_DEVICE_FAMILY = "1,2";
				VALIDATE_PRODUCT = YES;
			};
			name = Release;
		};
		69D2A2C31652EFC200EB59BF /* Debug */ = {
			isa = XCBuildConfiguration;
			buildSettings = {
				FRAMEWORK_SEARCH_PATHS = (
					"$(inherited)",
					"\"$(SRCROOT)/../../Documents/FacebookSDK-3.1.1\"",
					"\"$(SRCROOT)/../../../Documents/FacebookSDK-3.1.1\"",
				);
				GCC_PRECOMPILE_PREFIX_HEADER = YES;
				GCC_PREFIX_HEADER = "MDDBasicSessionApp/MDDBasicSessionApp-Prefix.pch";
				INFOPLIST_FILE = "MDDBasicSessionApp/MDDBasicSessionApp-Info.plist";
				PRODUCT_NAME = "$(TARGET_NAME)";
				WRAPPER_EXTENSION = app;
			};
			name = Debug;
		};
		69D2A2C41652EFC200EB59BF /* Release */ = {
			isa = XCBuildConfiguration;
			buildSettings = {
				FRAMEWORK_SEARCH_PATHS = (
					"$(inherited)",
					"\"$(SRCROOT)/../../Documents/FacebookSDK-3.1.1\"",
					"\"$(SRCROOT)/../../../Documents/FacebookSDK-3.1.1\"",
				);
				GCC_PRECOMPILE_PREFIX_HEADER = YES;
				GCC_PREFIX_HEADER = "MDDBasicSessionApp/MDDBasicSessionApp-Prefix.pch";
				INFOPLIST_FILE = "MDDBasicSessionApp/MDDBasicSessionApp-Info.plist";
				PRODUCT_NAME = "$(TARGET_NAME)";
				WRAPPER_EXTENSION = app;
			};
			name = Release;
		};
		69D2A2C61652EFC200EB59BF /* Debug */ = {
			isa = XCBuildConfiguration;
			buildSettings = {
				BUNDLE_LOADER = "$(BUILT_PRODUCTS_DIR)/MDDBasicSessionApp.app/MDDBasicSessionApp";
				FRAMEWORK_SEARCH_PATHS = (
					"\"$(SDKROOT)/Developer/Library/Frameworks\"",
					"\"$(DEVELOPER_LIBRARY_DIR)/Frameworks\"",
				);
				GCC_PRECOMPILE_PREFIX_HEADER = YES;
				GCC_PREFIX_HEADER = "MDDBasicSessionApp/MDDBasicSessionApp-Prefix.pch";
				INFOPLIST_FILE = "MDDBasicSessionAppTests/MDDBasicSessionAppTests-Info.plist";
				PRODUCT_NAME = "$(TARGET_NAME)";
				TEST_HOST = "$(BUNDLE_LOADER)";
				WRAPPER_EXTENSION = octest;
			};
			name = Debug;
		};
		69D2A2C71652EFC200EB59BF /* Release */ = {
			isa = XCBuildConfiguration;
			buildSettings = {
				BUNDLE_LOADER = "$(BUILT_PRODUCTS_DIR)/MDDBasicSessionApp.app/MDDBasicSessionApp";
				FRAMEWORK_SEARCH_PATHS = (
					"\"$(SDKROOT)/Developer/Library/Frameworks\"",
					"\"$(DEVELOPER_LIBRARY_DIR)/Frameworks\"",
				);
				GCC_PRECOMPILE_PREFIX_HEADER = YES;
				GCC_PREFIX_HEADER = "MDDBasicSessionApp/MDDBasicSessionApp-Prefix.pch";
				INFOPLIST_FILE = "MDDBasicSessionAppTests/MDDBasicSessionAppTests-Info.plist";
				PRODUCT_NAME = "$(TARGET_NAME)";
				TEST_HOST = "$(BUNDLE_LOADER)";
				WRAPPER_EXTENSION = octest;
			};
			name = Release;
		};
/* End XCBuildConfiguration section */

/* Begin XCConfigurationList section */
		69D2A2801652EFC200EB59BF /* Build configuration list for PBXProject "MDDBasicSessionApp" */ = {
			isa = XCConfigurationList;
			buildConfigurations = (
				69D2A2C01652EFC200EB59BF /* Debug */,
				69D2A2C11652EFC200EB59BF /* Release */,
			);
			defaultConfigurationIsVisible = 0;
			defaultConfigurationName = Release;
		};
		69D2A2C21652EFC200EB59BF /* Build configuration list for PBXNativeTarget "MDDBasicSessionApp" */ = {
			isa = XCConfigurationList;
			buildConfigurations = (
				69D2A2C31652EFC200EB59BF /* Debug */,
				69D2A2C41652EFC200EB59BF /* Release */,
			);
			defaultConfigurationIsVisible = 0;
			defaultConfigurationName = Release;
		};
		69D2A2C51652EFC200EB59BF /* Build configuration list for PBXNativeTarget "MDDBasicSessionAppTests" */ = {
			isa = XCConfigurationList;
			buildConfigurations = (
				69D2A2C61652EFC200EB59BF /* Debug */,
				69D2A2C71652EFC200EB59BF /* Release */,
			);
			defaultConfigurationIsVisible = 0;
			defaultConfigurationName = Release;
		};
/* End XCConfigurationList section */
	};
	rootObject = 69D2A27D1652EFC200EB59BF /* Project object */;
}
